
Microsoft Visual Studio Solution File, Format Version 12.00
# Visual Studio Version 16
VisualStudioVersion = 16.0.30114.105
MinimumVisualStudioVersion = 10.0.40219.1
Project("{9A19103F-16F7-4668-BE54-9A1E7A4F7556}") = "R5T.T0130", "R5T.T0130\R5T.T0130.csproj", "{6949A2E3-01AD-4F59-B8C3-23B9657A4139}"
EndProject
Project("{2150E333-8FDC-42A3-9474-1A3956D46DE8}") = "_Dependencies", "_Dependencies", "{B078409B-A0AB-47AB-A1BD-D9FB9EA53BD0}"
EndProject
Project("{9A19103F-16F7-4668-BE54-9A1E7A4F7556}") = "R5T.L0011", "..\..\R5T.L0011\source\R5T.L0011\R5T.L0011.csproj", "{622CED17-26E9-43C2-8B47-C71A1055701D}"
EndProject
Global
	GlobalSection(SolutionConfigurationPlatforms) = preSolution
		Debug|Any CPU = Debug|Any CPU
		Debug|x64 = Debug|x64
		Debug|x86 = Debug|x86
		Release|Any CPU = Release|Any CPU
		Release|x64 = Release|x64
		Release|x86 = Release|x86
	EndGlobalSection
	GlobalSection(ProjectConfigurationPlatforms) = postSolution
		{6949A2E3-01AD-4F59-B8C3-23B9657A4139}.Debug|Any CPU.ActiveCfg = Debug|Any CPU
		{6949A2E3-01AD-4F59-B8C3-23B9657A4139}.Debug|Any CPU.Build.0 = Debug|Any CPU
		{6949A2E3-01AD-4F59-B8C3-23B9657A4139}.Debug|x64.ActiveCfg = Debug|Any CPU
		{6949A2E3-01AD-4F59-B8C3-23B9657A4139}.Debug|x64.Build.0 = Debug|Any CPU
		{6949A2E3-01AD-4F59-B8C3-23B9657A4139}.Debug|x86.ActiveCfg = Debug|Any CPU
		{6949A2E3-01AD-4F59-B8C3-23B9657A4139}.Debug|x86.Build.0 = Debug|Any CPU
		{6949A2E3-01AD-4F59-B8C3-23B9657A4139}.Release|Any CPU.ActiveCfg = Release|Any CPU
		{6949A2E3-01AD-4F59-B8C3-23B9657A4139}.Release|Any CPU.Build.0 = Release|Any CPU
		{6949A2E3-01AD-4F59-B8C3-23B9657A4139}.Release|x64.ActiveCfg = Release|Any CPU
		{6949A2E3-01AD-4F59-B8C3-23B9657A4139}.Release|x64.Build.0 = Release|Any CPU
		{6949A2E3-01AD-4F59-B8C3-23B9657A4139}.Release|x86.ActiveCfg = Release|Any CPU
		{6949A2E3-01AD-4F59-B8C3-23B9657A4139}.Release|x86.Build.0 = Release|Any CPU
		{622CED17-26E9-43C2-8B47-C71A1055701D}.Debug|Any CPU.ActiveCfg = Debug|Any CPU
		{622CED17-26E9-43C2-8B47-C71A1055701D}.Debug|Any CPU.Build.0 = Debug|Any CPU
		{622CED17-26E9-43C2-8B47-C71A1055701D}.Debug|x64.ActiveCfg = Debug|Any CPU
		{622CED17-26E9-43C2-8B47-C71A1055701D}.Debug|x64.Build.0 = Debug|Any CPU
		{622CED17-26E9-43C2-8B47-C71A1055701D}.Debug|x86.ActiveCfg = Debug|Any CPU
		{622CED17-26E9-43C2-8B47-C71A1055701D}.Debug|x86.Build.0 = Debug|Any CPU
		{622CED17-26E9-43C2-8B47-C71A1055701D}.Release|Any CPU.ActiveCfg = Release|Any CPU
		{622CED17-26E9-43C2-8B47-C71A1055701D}.Release|Any CPU.Build.0 = Release|Any CPU
		{622CED17-26E9-43C2-8B47-C71A1055701D}.Release|x64.ActiveCfg = Release|Any CPU
		{622CED17-26E9-43C2-8B47-C71A1055701D}.Release|x64.Build.0 = Release|Any CPU
		{622CED17-26E9-43C2-8B47-C71A1055701D}.Release|x86.ActiveCfg = Release|Any CPU
		{622CED17-26E9-43C2-8B47-C71A1055701D}.Release|x86.Build.0 = Release|Any CPU
	EndGlobalSection
	GlobalSection(SolutionProperties) = preSolution
		HideSolutionNode = FALSE
	EndGlobalSection
	GlobalSection(NestedProjects) = preSolution
		{622CED17-26E9-43C2-8B47-C71A1055701D} = {B078409B-A0AB-47AB-A1BD-D9FB9EA53BD0}
	EndGlobalSection
	GlobalSection(ExtensibilityGlobals) = postSolution
		SolutionGuid = {1C6DEAD0-6A87-4589-8F52-C97AAEE9E198}
	EndGlobalSection
EndGlobal
